
Microsoft Visual Studio Solution File, Format Version 12.00
# Visual Studio Version 17
VisualStudioVersion = 17.14.36616.10 d17.14
MinimumVisualStudioVersion = 10.0.40219.1
Project("{FAE04EC0-301F-11D3-BF4B-00C04F79EFBC}") = "Snake", "Snake.csproj", "{4A1E7655-BD0E-46F3-BDDB-733F52E8D1FA}"
EndProject
Global
	GlobalSection(SolutionConfigurationPlatforms) = preSolution
		Debug|Any CPU = Debug|Any CPU
		Release|Any CPU = Release|Any CPU
	EndGlobalSection
	GlobalSection(ProjectConfigurationPlatforms) = postSolution
		{4A1E7655-BD0E-46F3-BDDB-733F52E8D1FA}.Debug|Any CPU.ActiveCfg = Debug|Any CPU
		{4A1E7655-BD0E-46F3-BDDB-733F52E8D1FA}.Debug|Any CPU.Build.0 = Debug|Any CPU
		{4A1E7655-BD0E-46F3-BDDB-733F52E8D1FA}.Release|Any CPU.ActiveCfg = Release|Any CPU
		{4A1E7655-BD0E-46F3-BDDB-733F52E8D1FA}.Release|Any CPU.Build.0 = Release|Any CPU
	EndGlobalSection
	GlobalSection(SolutionProperties) = preSolution
		HideSolutionNode = FALSE
	EndGlobalSection
	GlobalSection(ExtensibilityGlobals) = postSolution
		SolutionGuid = {788655A5-CFFE-4CA5-86AB-641E3D855F81}
	EndGlobalSection
EndGlobal
