
Microsoft Visual Studio Solution File, Format Version 12.00
# Visual Studio Version 17
VisualStudioVersion = 17.11.35222.181
MinimumVisualStudioVersion = 10.0.40219.1
Project("{FAE04EC0-301F-11D3-BF4B-00C04F79EFBC}") = "percolation", "percolation.csproj", "{2D936D27-F2FA-4849-BB37-03E88DDDE652}"
EndProject
Global
	GlobalSection(SolutionConfigurationPlatforms) = preSolution
		Debug|Any CPU = Debug|Any CPU
		Release|Any CPU = Release|Any CPU
	EndGlobalSection
	GlobalSection(ProjectConfigurationPlatforms) = postSolution
		{2D936D27-F2FA-4849-BB37-03E88DDDE652}.Debug|Any CPU.ActiveCfg = Debug|Any CPU
		{2D936D27-F2FA-4849-BB37-03E88DDDE652}.Debug|Any CPU.Build.0 = Debug|Any CPU
		{2D936D27-F2FA-4849-BB37-03E88DDDE652}.Release|Any CPU.ActiveCfg = Release|Any CPU
		{2D936D27-F2FA-4849-BB37-03E88DDDE652}.Release|Any CPU.Build.0 = Release|Any CPU
	EndGlobalSection
	GlobalSection(SolutionProperties) = preSolution
		HideSolutionNode = FALSE
	EndGlobalSection
	GlobalSection(ExtensibilityGlobals) = postSolution
		SolutionGuid = {C32C492C-79BD-4491-9518-6F73BBCCD08A}
	EndGlobalSection
EndGlobal
